// !$*UTF8*$!
{
	archiveVersion = 1;
	classes = {
	};
	objectVersion = 50;
	objects = {

/* Begin PBXBuildFile section */
		536EBE3F20E5562A00E6327C /* SearchViewController.m in Sources */ = {isa = PBXBuildFile; fileRef = 536EBE3E20E5562A00E6327C /* SearchViewController.m */; };
		536EBE4220E5631200E6327C /* TrailerViewController.m in Sources */ = {isa = PBXBuildFile; fileRef = 536EBE4120E5631200E6327C /* TrailerViewController.m */; };
		537CC78720E44BD100632882 /* DetailsViewController.m in Sources */ = {isa = PBXBuildFile; fileRef = 537CC78620E44BD100632882 /* DetailsViewController.m */; };
		537CC78A20E45FB000632882 /* MoviesGridViewController.m in Sources */ = {isa = PBXBuildFile; fileRef = 537CC78920E45FB000632882 /* MoviesGridViewController.m */; };
		537CC78D20E4623F00632882 /* MovieCollectionCell.m in Sources */ = {isa = PBXBuildFile; fileRef = 537CC78C20E4623F00632882 /* MovieCollectionCell.m */; };
		5392373D20E3DE4900D3E65B /* AppDelegate.m in Sources */ = {isa = PBXBuildFile; fileRef = 5392373C20E3DE4900D3E65B /* AppDelegate.m */; };
		5392374320E3DE4900D3E65B /* Main.storyboard in Resources */ = {isa = PBXBuildFile; fileRef = 5392374120E3DE4900D3E65B /* Main.storyboard */; };
		5392374520E3DE4A00D3E65B /* Assets.xcassets in Resources */ = {isa = PBXBuildFile; fileRef = 5392374420E3DE4A00D3E65B /* Assets.xcassets */; };
		5392374820E3DE4A00D3E65B /* LaunchScreen.storyboard in Resources */ = {isa = PBXBuildFile; fileRef = 5392374620E3DE4A00D3E65B /* LaunchScreen.storyboard */; };
		5392374B20E3DE4A00D3E65B /* main.m in Sources */ = {isa = PBXBuildFile; fileRef = 5392374A20E3DE4A00D3E65B /* main.m */; };
		5392375520E3DE4A00D3E65B /* FlixTests.m in Sources */ = {isa = PBXBuildFile; fileRef = 5392375420E3DE4A00D3E65B /* FlixTests.m */; };
		5392376020E3DE4A00D3E65B /* FlixUITests.m in Sources */ = {isa = PBXBuildFile; fileRef = 5392375F20E3DE4A00D3E65B /* FlixUITests.m */; };
		5392376F20E40B7500D3E65B /* MoviesViewController.m in Sources */ = {isa = PBXBuildFile; fileRef = 5392376E20E40B7500D3E65B /* MoviesViewController.m */; };
		5392377420E4151F00D3E65B /* MovieCell.m in Sources */ = {isa = PBXBuildFile; fileRef = 5392377320E4151F00D3E65B /* MovieCell.m */; };
		61C9F1FF8E3A0AEE69082387 /* libPods-FlixUITests.a in Frameworks */ = {isa = PBXBuildFile; fileRef = 2203A67FC74EDCF1FB8121D3 /* libPods-FlixUITests.a */; };
		DE8573A84A32473E49A5A92F /* libPods-FlixTests.a in Frameworks */ = {isa = PBXBuildFile; fileRef = 480228B64AA147FFAED4DDA4 /* libPods-FlixTests.a */; };
		DE86FB44C7C9AC9A908B1219 /* libPods-Flix.a in Frameworks */ = {isa = PBXBuildFile; fileRef = 50910427626759E1F7D83FE5 /* libPods-Flix.a */; };
/* End PBXBuildFile section */

/* Begin PBXContainerItemProxy section */
		5392375120E3DE4A00D3E65B /* PBXContainerItemProxy */ = {
			isa = PBXContainerItemProxy;
			containerPortal = 5392373020E3DE4900D3E65B /* Project object */;
			proxyType = 1;
			remoteGlobalIDString = 5392373720E3DE4900D3E65B;
			remoteInfo = Flix;
		};
		5392375C20E3DE4A00D3E65B /* PBXContainerItemProxy */ = {
			isa = PBXContainerItemProxy;
			containerPortal = 5392373020E3DE4900D3E65B /* Project object */;
			proxyType = 1;
			remoteGlobalIDString = 5392373720E3DE4900D3E65B;
			remoteInfo = Flix;
		};
/* End PBXContainerItemProxy section */

/* Begin PBXFileReference section */
		1E55CB1C076803EC7486D20D /* Pods-FlixTests.release.xcconfig */ = {isa = PBXFileReference; includeInIndex = 1; lastKnownFileType = text.xcconfig; name = "Pods-FlixTests.release.xcconfig"; path = "Pods/Target Support Files/Pods-FlixTests/Pods-FlixTests.release.xcconfig"; sourceTree = "<group>"; };
		2203A67FC74EDCF1FB8121D3 /* libPods-FlixUITests.a */ = {isa = PBXFileReference; explicitFileType = archive.ar; includeInIndex = 0; path = "libPods-FlixUITests.a"; sourceTree = BUILT_PRODUCTS_DIR; };
		480228B64AA147FFAED4DDA4 /* libPods-FlixTests.a */ = {isa = PBXFileReference; explicitFileType = archive.ar; includeInIndex = 0; path = "libPods-FlixTests.a"; sourceTree = BUILT_PRODUCTS_DIR; };
		50910427626759E1F7D83FE5 /* libPods-Flix.a */ = {isa = PBXFileReference; explicitFileType = archive.ar; includeInIndex = 0; path = "libPods-Flix.a"; sourceTree = BUILT_PRODUCTS_DIR; };
		536EBE3D20E5562A00E6327C /* SearchViewController.h */ = {isa = PBXFileReference; lastKnownFileType = sourcecode.c.h; path = SearchViewController.h; sourceTree = "<group>"; };
		536EBE3E20E5562A00E6327C /* SearchViewController.m */ = {isa = PBXFileReference; lastKnownFileType = sourcecode.c.objc; path = SearchViewController.m; sourceTree = "<group>"; };
		536EBE4020E5631200E6327C /* TrailerViewController.h */ = {isa = PBXFileReference; lastKnownFileType = sourcecode.c.h; path = TrailerViewController.h; sourceTree = "<group>"; };
		536EBE4120E5631200E6327C /* TrailerViewController.m */ = {isa = PBXFileReference; lastKnownFileType = sourcecode.c.objc; path = TrailerViewController.m; sourceTree = "<group>"; };
		537CC78520E44BD100632882 /* DetailsViewController.h */ = {isa = PBXFileReference; lastKnownFileType = sourcecode.c.h; path = DetailsViewController.h; sourceTree = "<group>"; };
		537CC78620E44BD100632882 /* DetailsViewController.m */ = {isa = PBXFileReference; lastKnownFileType = sourcecode.c.objc; path = DetailsViewController.m; sourceTree = "<group>"; };
		537CC78820E45FB000632882 /* MoviesGridViewController.h */ = {isa = PBXFileReference; lastKnownFileType = sourcecode.c.h; path = MoviesGridViewController.h; sourceTree = "<group>"; };
		537CC78920E45FB000632882 /* MoviesGridViewController.m */ = {isa = PBXFileReference; lastKnownFileType = sourcecode.c.objc; path = MoviesGridViewController.m; sourceTree = "<group>"; };
		537CC78B20E4623F00632882 /* MovieCollectionCell.h */ = {isa = PBXFileReference; lastKnownFileType = sourcecode.c.h; path = MovieCollectionCell.h; sourceTree = "<group>"; };
		537CC78C20E4623F00632882 /* MovieCollectionCell.m */ = {isa = PBXFileReference; lastKnownFileType = sourcecode.c.objc; path = MovieCollectionCell.m; sourceTree = "<group>"; };
		5392373820E3DE4900D3E65B /* Flix.app */ = {isa = PBXFileReference; explicitFileType = wrapper.application; includeInIndex = 0; path = Flix.app; sourceTree = BUILT_PRODUCTS_DIR; };
		5392373B20E3DE4900D3E65B /* AppDelegate.h */ = {isa = PBXFileReference; lastKnownFileType = sourcecode.c.h; path = AppDelegate.h; sourceTree = "<group>"; };
		5392373C20E3DE4900D3E65B /* AppDelegate.m */ = {isa = PBXFileReference; lastKnownFileType = sourcecode.c.objc; path = AppDelegate.m; sourceTree = "<group>"; };
		5392374220E3DE4900D3E65B /* Base */ = {isa = PBXFileReference; lastKnownFileType = file.storyboard; name = Base; path = Base.lproj/Main.storyboard; sourceTree = "<group>"; };
		5392374420E3DE4A00D3E65B /* Assets.xcassets */ = {isa = PBXFileReference; lastKnownFileType = folder.assetcatalog; path = Assets.xcassets; sourceTree = "<group>"; };
		5392374720E3DE4A00D3E65B /* Base */ = {isa = PBXFileReference; lastKnownFileType = file.storyboard; name = Base; path = Base.lproj/LaunchScreen.storyboard; sourceTree = "<group>"; };
		5392374920E3DE4A00D3E65B /* Info.plist */ = {isa = PBXFileReference; lastKnownFileType = text.plist.xml; path = Info.plist; sourceTree = "<group>"; };
		5392374A20E3DE4A00D3E65B /* main.m */ = {isa = PBXFileReference; lastKnownFileType = sourcecode.c.objc; path = main.m; sourceTree = "<group>"; };
		5392375020E3DE4A00D3E65B /* FlixTests.xctest */ = {isa = PBXFileReference; explicitFileType = wrapper.cfbundle; includeInIndex = 0; path = FlixTests.xctest; sourceTree = BUILT_PRODUCTS_DIR; };
		5392375420E3DE4A00D3E65B /* FlixTests.m */ = {isa = PBXFileReference; lastKnownFileType = sourcecode.c.objc; path = FlixTests.m; sourceTree = "<group>"; };
		5392375620E3DE4A00D3E65B /* Info.plist */ = {isa = PBXFileReference; lastKnownFileType = text.plist.xml; path = Info.plist; sourceTree = "<group>"; };
		5392375B20E3DE4A00D3E65B /* FlixUITests.xctest */ = {isa = PBXFileReference; explicitFileType = wrapper.cfbundle; includeInIndex = 0; path = FlixUITests.xctest; sourceTree = BUILT_PRODUCTS_DIR; };
		5392375F20E3DE4A00D3E65B /* FlixUITests.m */ = {isa = PBXFileReference; lastKnownFileType = sourcecode.c.objc; path = FlixUITests.m; sourceTree = "<group>"; };
		5392376120E3DE4A00D3E65B /* Info.plist */ = {isa = PBXFileReference; lastKnownFileType = text.plist.xml; path = Info.plist; sourceTree = "<group>"; };
		5392376D20E40B7500D3E65B /* MoviesViewController.h */ = {isa = PBXFileReference; lastKnownFileType = sourcecode.c.h; path = MoviesViewController.h; sourceTree = "<group>"; };
		5392376E20E40B7500D3E65B /* MoviesViewController.m */ = {isa = PBXFileReference; lastKnownFileType = sourcecode.c.objc; path = MoviesViewController.m; sourceTree = "<group>"; };
		5392377220E4151F00D3E65B /* MovieCell.h */ = {isa = PBXFileReference; lastKnownFileType = sourcecode.c.h; path = MovieCell.h; sourceTree = "<group>"; };
		5392377320E4151F00D3E65B /* MovieCell.m */ = {isa = PBXFileReference; lastKnownFileType = sourcecode.c.objc; path = MovieCell.m; sourceTree = "<group>"; };
		71E047BA32B1EADBE75F46F3 /* Pods-Flix.debug.xcconfig */ = {isa = PBXFileReference; includeInIndex = 1; lastKnownFileType = text.xcconfig; name = "Pods-Flix.debug.xcconfig"; path = "Pods/Target Support Files/Pods-Flix/Pods-Flix.debug.xcconfig"; sourceTree = "<group>"; };
		7C4514EAFD7AD6BA5CCE7CB2 /* Pods-FlixTests.debug.xcconfig */ = {isa = PBXFileReference; includeInIndex = 1; lastKnownFileType = text.xcconfig; name = "Pods-FlixTests.debug.xcconfig"; path = "Pods/Target Support Files/Pods-FlixTests/Pods-FlixTests.debug.xcconfig"; sourceTree = "<group>"; };
		A0240ADB5C44D4622A206D48 /* Pods-FlixUITests.debug.xcconfig */ = {isa = PBXFileReference; includeInIndex = 1; lastKnownFileType = text.xcconfig; name = "Pods-FlixUITests.debug.xcconfig"; path = "Pods/Target Support Files/Pods-FlixUITests/Pods-FlixUITests.debug.xcconfig"; sourceTree = "<group>"; };
		A1283F956C0E77BDE766915B /* Pods-FlixUITests.release.xcconfig */ = {isa = PBXFileReference; includeInIndex = 1; lastKnownFileType = text.xcconfig; name = "Pods-FlixUITests.release.xcconfig"; path = "Pods/Target Support Files/Pods-FlixUITests/Pods-FlixUITests.release.xcconfig"; sourceTree = "<group>"; };
		C22FF92DBA499A3BCE4B1C6F /* Pods-Flix.release.xcconfig */ = {isa = PBXFileReference; includeInIndex = 1; lastKnownFileType = text.xcconfig; name = "Pods-Flix.release.xcconfig"; path = "Pods/Target Support Files/Pods-Flix/Pods-Flix.release.xcconfig"; sourceTree = "<group>"; };
/* End PBXFileReference section */

/* Begin PBXFrameworksBuildPhase section */
		5392373520E3DE4900D3E65B /* Frameworks */ = {
			isa = PBXFrameworksBuildPhase;
			buildActionMask = 2147483647;
			files = (
				DE86FB44C7C9AC9A908B1219 /* libPods-Flix.a in Frameworks */,
			);
			runOnlyForDeploymentPostprocessing = 0;
		};
		5392374D20E3DE4A00D3E65B /* Frameworks */ = {
			isa = PBXFrameworksBuildPhase;
			buildActionMask = 2147483647;
			files = (
				DE8573A84A32473E49A5A92F /* libPods-FlixTests.a in Frameworks */,
			);
			runOnlyForDeploymentPostprocessing = 0;
		};
		5392375820E3DE4A00D3E65B /* Frameworks */ = {
			isa = PBXFrameworksBuildPhase;
			buildActionMask = 2147483647;
			files = (
				61C9F1FF8E3A0AEE69082387 /* libPods-FlixUITests.a in Frameworks */,
			);
			runOnlyForDeploymentPostprocessing = 0;
		};
/* End PBXFrameworksBuildPhase section */

/* Begin PBXGroup section */
		100B8229DC0766AEDD1D0D51 /* Frameworks */ = {
			isa = PBXGroup;
			children = (
				50910427626759E1F7D83FE5 /* libPods-Flix.a */,
				480228B64AA147FFAED4DDA4 /* libPods-FlixTests.a */,
				2203A67FC74EDCF1FB8121D3 /* libPods-FlixUITests.a */,
			);
			name = Frameworks;
			sourceTree = "<group>";
		};
		5392372F20E3DE4900D3E65B = {
			isa = PBXGroup;
			children = (
				5392373A20E3DE4900D3E65B /* Flix */,
				5392375320E3DE4A00D3E65B /* FlixTests */,
				5392375E20E3DE4A00D3E65B /* FlixUITests */,
				5392373920E3DE4900D3E65B /* Products */,
				F834A43C8E82A95CE4729551 /* Pods */,
				100B8229DC0766AEDD1D0D51 /* Frameworks */,
			);
			sourceTree = "<group>";
		};
		5392373920E3DE4900D3E65B /* Products */ = {
			isa = PBXGroup;
			children = (
				5392373820E3DE4900D3E65B /* Flix.app */,
				5392375020E3DE4A00D3E65B /* FlixTests.xctest */,
				5392375B20E3DE4A00D3E65B /* FlixUITests.xctest */,
			);
			name = Products;
			sourceTree = "<group>";
		};
		5392373A20E3DE4900D3E65B /* Flix */ = {
			isa = PBXGroup;
			children = (
				5392377120E414F700D3E65B /* Views */,
				5392377020E40BF900D3E65B /* View Controllers */,
				5392373B20E3DE4900D3E65B /* AppDelegate.h */,
				5392373C20E3DE4900D3E65B /* AppDelegate.m */,
				5392374120E3DE4900D3E65B /* Main.storyboard */,
				5392374420E3DE4A00D3E65B /* Assets.xcassets */,
				5392374620E3DE4A00D3E65B /* LaunchScreen.storyboard */,
				5392374920E3DE4A00D3E65B /* Info.plist */,
				5392374A20E3DE4A00D3E65B /* main.m */,
			);
			path = Flix;
			sourceTree = "<group>";
		};
		5392375320E3DE4A00D3E65B /* FlixTests */ = {
			isa = PBXGroup;
			children = (
				5392375420E3DE4A00D3E65B /* FlixTests.m */,
				5392375620E3DE4A00D3E65B /* Info.plist */,
			);
			path = FlixTests;
			sourceTree = "<group>";
		};
		5392375E20E3DE4A00D3E65B /* FlixUITests */ = {
			isa = PBXGroup;
			children = (
				5392375F20E3DE4A00D3E65B /* FlixUITests.m */,
				5392376120E3DE4A00D3E65B /* Info.plist */,
			);
			path = FlixUITests;
			sourceTree = "<group>";
		};
		5392377020E40BF900D3E65B /* View Controllers */ = {
			isa = PBXGroup;
			children = (
				5392376D20E40B7500D3E65B /* MoviesViewController.h */,
				5392376E20E40B7500D3E65B /* MoviesViewController.m */,
				537CC78520E44BD100632882 /* DetailsViewController.h */,
				537CC78620E44BD100632882 /* DetailsViewController.m */,
				537CC78820E45FB000632882 /* MoviesGridViewController.h */,
				537CC78920E45FB000632882 /* MoviesGridViewController.m */,
				536EBE3D20E5562A00E6327C /* SearchViewController.h */,
				536EBE3E20E5562A00E6327C /* SearchViewController.m */,
				536EBE4020E5631200E6327C /* TrailerViewController.h */,
				536EBE4120E5631200E6327C /* TrailerViewController.m */,
			);
			path = "View Controllers";
			sourceTree = "<group>";
		};
		5392377120E414F700D3E65B /* Views */ = {
			isa = PBXGroup;
			children = (
				5392377220E4151F00D3E65B /* MovieCell.h */,
				5392377320E4151F00D3E65B /* MovieCell.m */,
				537CC78B20E4623F00632882 /* MovieCollectionCell.h */,
				537CC78C20E4623F00632882 /* MovieCollectionCell.m */,
			);
			path = Views;
			sourceTree = "<group>";
		};
		F834A43C8E82A95CE4729551 /* Pods */ = {
			isa = PBXGroup;
			children = (
				71E047BA32B1EADBE75F46F3 /* Pods-Flix.debug.xcconfig */,
				C22FF92DBA499A3BCE4B1C6F /* Pods-Flix.release.xcconfig */,
				7C4514EAFD7AD6BA5CCE7CB2 /* Pods-FlixTests.debug.xcconfig */,
				1E55CB1C076803EC7486D20D /* Pods-FlixTests.release.xcconfig */,
				A0240ADB5C44D4622A206D48 /* Pods-FlixUITests.debug.xcconfig */,
				A1283F956C0E77BDE766915B /* Pods-FlixUITests.release.xcconfig */,
			);
			name = Pods;
			sourceTree = "<group>";
		};
/* End PBXGroup section */

/* Begin PBXNativeTarget section */
		5392373720E3DE4900D3E65B /* Flix */ = {
			isa = PBXNativeTarget;
			buildConfigurationList = 5392376420E3DE4A00D3E65B /* Build configuration list for PBXNativeTarget "Flix" */;
			buildPhases = (
				C38F6E8FB6D6802E14986998 /* [CP] Check Pods Manifest.lock */,
				5392373420E3DE4900D3E65B /* Sources */,
				5392373520E3DE4900D3E65B /* Frameworks */,
				5392373620E3DE4900D3E65B /* Resources */,
			);
			buildRules = (
			);
			dependencies = (
			);
			name = Flix;
			productName = Flix;
			productReference = 5392373820E3DE4900D3E65B /* Flix.app */;
			productType = "com.apple.product-type.application";
		};
		5392374F20E3DE4A00D3E65B /* FlixTests */ = {
			isa = PBXNativeTarget;
			buildConfigurationList = 5392376720E3DE4A00D3E65B /* Build configuration list for PBXNativeTarget "FlixTests" */;
			buildPhases = (
				FAC204F040C7A76223E522B6 /* [CP] Check Pods Manifest.lock */,
				5392374C20E3DE4A00D3E65B /* Sources */,
				5392374D20E3DE4A00D3E65B /* Frameworks */,
				5392374E20E3DE4A00D3E65B /* Resources */,
			);
			buildRules = (
			);
			dependencies = (
				5392375220E3DE4A00D3E65B /* PBXTargetDependency */,
			);
			name = FlixTests;
			productName = FlixTests;
			productReference = 5392375020E3DE4A00D3E65B /* FlixTests.xctest */;
			productType = "com.apple.product-type.bundle.unit-test";
		};
		5392375A20E3DE4A00D3E65B /* FlixUITests */ = {
			isa = PBXNativeTarget;
			buildConfigurationList = 5392376A20E3DE4A00D3E65B /* Build configuration list for PBXNativeTarget "FlixUITests" */;
			buildPhases = (
				51AEF6F67637228223C39CA1 /* [CP] Check Pods Manifest.lock */,
				5392375720E3DE4A00D3E65B /* Sources */,
				5392375820E3DE4A00D3E65B /* Frameworks */,
				5392375920E3DE4A00D3E65B /* Resources */,
			);
			buildRules = (
			);
			dependencies = (
				5392375D20E3DE4A00D3E65B /* PBXTargetDependency */,
			);
			name = FlixUITests;
			productName = FlixUITests;
			productReference = 5392375B20E3DE4A00D3E65B /* FlixUITests.xctest */;
			productType = "com.apple.product-type.bundle.ui-testing";
		};
/* End PBXNativeTarget section */

/* Begin PBXProject section */
		5392373020E3DE4900D3E65B /* Project object */ = {
			isa = PBXProject;
			attributes = {
				LastUpgradeCheck = 0940;
				ORGANIZATIONNAME = "Michael Abelar";
				TargetAttributes = {
					5392373720E3DE4900D3E65B = {
						CreatedOnToolsVersion = 9.4.1;
					};
					5392374F20E3DE4A00D3E65B = {
						CreatedOnToolsVersion = 9.4.1;
						TestTargetID = 5392373720E3DE4900D3E65B;
					};
					5392375A20E3DE4A00D3E65B = {
						CreatedOnToolsVersion = 9.4.1;
						TestTargetID = 5392373720E3DE4900D3E65B;
					};
				};
			};
			buildConfigurationList = 5392373320E3DE4900D3E65B /* Build configuration list for PBXProject "Flix" */;
			compatibilityVersion = "Xcode 9.3";
			developmentRegion = en;
			hasScannedForEncodings = 0;
			knownRegions = (
				en,
				Base,
			);
			mainGroup = 5392372F20E3DE4900D3E65B;
			productRefGroup = 5392373920E3DE4900D3E65B /* Products */;
			projectDirPath = "";
			projectRoot = "";
			targets = (
				5392373720E3DE4900D3E65B /* Flix */,
				5392374F20E3DE4A00D3E65B /* FlixTests */,
				5392375A20E3DE4A00D3E65B /* FlixUITests */,
			);
		};
/* End PBXProject section */

/* Begin PBXResourcesBuildPhase section */
		5392373620E3DE4900D3E65B /* Resources */ = {
			isa = PBXResourcesBuildPhase;
			buildActionMask = 2147483647;
			files = (
				5392374820E3DE4A00D3E65B /* LaunchScreen.storyboard in Resources */,
				5392374520E3DE4A00D3E65B /* Assets.xcassets in Resources */,
				5392374320E3DE4900D3E65B /* Main.storyboard in Resources */,
			);
			runOnlyForDeploymentPostprocessing = 0;
		};
		5392374E20E3DE4A00D3E65B /* Resources */ = {
			isa = PBXResourcesBuildPhase;
			buildActionMask = 2147483647;
			files = (
			);
			runOnlyForDeploymentPostprocessing = 0;
		};
		5392375920E3DE4A00D3E65B /* Resources */ = {
			isa = PBXResourcesBuildPhase;
			buildActionMask = 2147483647;
			files = (
			);
			runOnlyForDeploymentPostprocessing = 0;
		};
/* End PBXResourcesBuildPhase section */

/* Begin PBXShellScriptBuildPhase section */
		51AEF6F67637228223C39CA1 /* [CP] Check Pods Manifest.lock */ = {
			isa = PBXShellScriptBuildPhase;
			buildActionMask = 2147483647;
			files = (
			);
			inputPaths = (
				"${PODS_PODFILE_DIR_PATH}/Podfile.lock",
				"${PODS_ROOT}/Manifest.lock",
			);
			name = "[CP] Check Pods Manifest.lock";
			outputPaths = (
				"$(DERIVED_FILE_DIR)/Pods-FlixUITests-checkManifestLockResult.txt",
			);
			runOnlyForDeploymentPostprocessing = 0;
			shellPath = /bin/sh;
			shellScript = "diff \"${PODS_PODFILE_DIR_PATH}/Podfile.lock\" \"${PODS_ROOT}/Manifest.lock\" > /dev/null\nif [ $? != 0 ] ; then\n    # print error to STDERR\n    echo \"error: The sandbox is not in sync with the Podfile.lock. Run 'pod install' or update your CocoaPods installation.\" >&2\n    exit 1\nfi\n# This output is used by Xcode 'outputs' to avoid re-running this script phase.\necho \"SUCCESS\" > \"${SCRIPT_OUTPUT_FILE_0}\"\n";
			showEnvVarsInLog = 0;
		};
		C38F6E8FB6D6802E14986998 /* [CP] Check Pods Manifest.lock */ = {
			isa = PBXShellScriptBuildPhase;
			buildActionMask = 2147483647;
			files = (
			);
			inputPaths = (
				"${PODS_PODFILE_DIR_PATH}/Podfile.lock",
				"${PODS_ROOT}/Manifest.lock",
			);
			name = "[CP] Check Pods Manifest.lock";
			outputPaths = (
				"$(DERIVED_FILE_DIR)/Pods-Flix-checkManifestLockResult.txt",
			);
			runOnlyForDeploymentPostprocessing = 0;
			shellPath = /bin/sh;
			shellScript = "diff \"${PODS_PODFILE_DIR_PATH}/Podfile.lock\" \"${PODS_ROOT}/Manifest.lock\" > /dev/null\nif [ $? != 0 ] ; then\n    # print error to STDERR\n    echo \"error: The sandbox is not in sync with the Podfile.lock. Run 'pod install' or update your CocoaPods installation.\" >&2\n    exit 1\nfi\n# This output is used by Xcode 'outputs' to avoid re-running this script phase.\necho \"SUCCESS\" > \"${SCRIPT_OUTPUT_FILE_0}\"\n";
			showEnvVarsInLog = 0;
		};
		FAC204F040C7A76223E522B6 /* [CP] Check Pods Manifest.lock */ = {
			isa = PBXShellScriptBuildPhase;
			buildActionMask = 2147483647;
			files = (
			);
			inputPaths = (
				"${PODS_PODFILE_DIR_PATH}/Podfile.lock",
				"${PODS_ROOT}/Manifest.lock",
			);
			name = "[CP] Check Pods Manifest.lock";
			outputPaths = (
				"$(DERIVED_FILE_DIR)/Pods-FlixTests-checkManifestLockResult.txt",
			);
			runOnlyForDeploymentPostprocessing = 0;
			shellPath = /bin/sh;
			shellScript = "diff \"${PODS_PODFILE_DIR_PATH}/Podfile.lock\" \"${PODS_ROOT}/Manifest.lock\" > /dev/null\nif [ $? != 0 ] ; then\n    # print error to STDERR\n    echo \"error: The sandbox is not in sync with the Podfile.lock. Run 'pod install' or update your CocoaPods installation.\" >&2\n    exit 1\nfi\n# This output is used by Xcode 'outputs' to avoid re-running this script phase.\necho \"SUCCESS\" > \"${SCRIPT_OUTPUT_FILE_0}\"\n";
			showEnvVarsInLog = 0;
		};
/* End PBXShellScriptBuildPhase section */

/* Begin PBXSourcesBuildPhase section */
		5392373420E3DE4900D3E65B /* Sources */ = {
			isa = PBXSourcesBuildPhase;
			buildActionMask = 2147483647;
			files = (
				5392374B20E3DE4A00D3E65B /* main.m in Sources */,
				537CC78720E44BD100632882 /* DetailsViewController.m in Sources */,
				5392373D20E3DE4900D3E65B /* AppDelegate.m in Sources */,
				537CC78D20E4623F00632882 /* MovieCollectionCell.m in Sources */,
				5392377420E4151F00D3E65B /* MovieCell.m in Sources */,
				5392376F20E40B7500D3E65B /* MoviesViewController.m in Sources */,
				536EBE3F20E5562A00E6327C /* SearchViewController.m in Sources */,
				536EBE4220E5631200E6327C /* TrailerViewController.m in Sources */,
				537CC78A20E45FB000632882 /* MoviesGridViewController.m in Sources */,
			);
			runOnlyForDeploymentPostprocessing = 0;
		};
		5392374C20E3DE4A00D3E65B /* Sources */ = {
			isa = PBXSourcesBuildPhase;
			buildActionMask = 2147483647;
			files = (
				5392375520E3DE4A00D3E65B /* FlixTests.m in Sources */,
			);
			runOnlyForDeploymentPostprocessing = 0;
		};
		5392375720E3DE4A00D3E65B /* Sources */ = {
			isa = PBXSourcesBuildPhase;
			buildActionMask = 2147483647;
			files = (
				5392376020E3DE4A00D3E65B /* FlixUITests.m in Sources */,
			);
			runOnlyForDeploymentPostprocessing = 0;
		};
/* End PBXSourcesBuildPhase section */

/* Begin PBXTargetDependency section */
		5392375220E3DE4A00D3E65B /* PBXTargetDependency */ = {
			isa = PBXTargetDependency;
			target = 5392373720E3DE4900D3E65B /* Flix */;
			targetProxy = 5392375120E3DE4A00D3E65B /* PBXContainerItemProxy */;
		};
		5392375D20E3DE4A00D3E65B /* PBXTargetDependency */ = {
			isa = PBXTargetDependency;
			target = 5392373720E3DE4900D3E65B /* Flix */;
			targetProxy = 5392375C20E3DE4A00D3E65B /* PBXContainerItemProxy */;
		};
/* End PBXTargetDependency section */

/* Begin PBXVariantGroup section */
		5392374120E3DE4900D3E65B /* Main.storyboard */ = {
			isa = PBXVariantGroup;
			children = (
				5392374220E3DE4900D3E65B /* Base */,
			);
			name = Main.storyboard;
			sourceTree = "<group>";
		};
		5392374620E3DE4A00D3E65B /* LaunchScreen.storyboard */ = {
			isa = PBXVariantGroup;
			children = (
				5392374720E3DE4A00D3E65B /* Base */,
			);
			name = LaunchScreen.storyboard;
			sourceTree = "<group>";
		};
/* End PBXVariantGroup section */

/* Begin XCBuildConfiguration section */
		5392376220E3DE4A00D3E65B /* Debug */ = {
			isa = XCBuildConfiguration;
			buildSettings = {
				ALWAYS_SEARCH_USER_PATHS = NO;
				CLANG_ANALYZER_NONNULL = YES;
				CLANG_ANALYZER_NUMBER_OBJECT_CONVERSION = YES_AGGRESSIVE;
				CLANG_CXX_LANGUAGE_STANDARD = "gnu++14";
				CLANG_CXX_LIBRARY = "libc++";
				CLANG_ENABLE_MODULES = YES;
				CLANG_ENABLE_OBJC_ARC = YES;
				CLANG_ENABLE_OBJC_WEAK = YES;
				CLANG_WARN_BLOCK_CAPTURE_AUTORELEASING = YES;
				CLANG_WARN_BOOL_CONVERSION = YES;
				CLANG_WARN_COMMA = YES;
				CLANG_WARN_CONSTANT_CONVERSION = YES;
				CLANG_WARN_DEPRECATED_OBJC_IMPLEMENTATIONS = YES;
				CLANG_WARN_DIRECT_OBJC_ISA_USAGE = YES_ERROR;
				CLANG_WARN_DOCUMENTATION_COMMENTS = YES;
				CLANG_WARN_EMPTY_BODY = YES;
				CLANG_WARN_ENUM_CONVERSION = YES;
				CLANG_WARN_INFINITE_RECURSION = YES;
				CLANG_WARN_INT_CONVERSION = YES;
				CLANG_WARN_NON_LITERAL_NULL_CONVERSION = YES;
				CLANG_WARN_OBJC_IMPLICIT_RETAIN_SELF = YES;
				CLANG_WARN_OBJC_LITERAL_CONVERSION = YES;
				CLANG_WARN_OBJC_ROOT_CLASS = YES_ERROR;
				CLANG_WARN_RANGE_LOOP_ANALYSIS = YES;
				CLANG_WARN_STRICT_PROTOTYPES = YES;
				CLANG_WARN_SUSPICIOUS_MOVE = YES;
				CLANG_WARN_UNGUARDED_AVAILABILITY = YES_AGGRESSIVE;
				CLANG_WARN_UNREACHABLE_CODE = YES;
				CLANG_WARN__DUPLICATE_METHOD_MATCH = YES;
				CODE_SIGN_IDENTITY = "iPhone Developer";
				COPY_PHASE_STRIP = NO;
				DEBUG_INFORMATION_FORMAT = dwarf;
				ENABLE_STRICT_OBJC_MSGSEND = YES;
				ENABLE_TESTABILITY = YES;
				GCC_C_LANGUAGE_STANDARD = gnu11;
				GCC_DYNAMIC_NO_PIC = NO;
				GCC_NO_COMMON_BLOCKS = YES;
				GCC_OPTIMIZATION_LEVEL = 0;
				GCC_PREPROCESSOR_DEFINITIONS = (
					"DEBUG=1",
					"$(inherited)",
				);
				GCC_WARN_64_TO_32_BIT_CONVERSION = YES;
				GCC_WARN_ABOUT_RETURN_TYPE = YES_ERROR;
				GCC_WARN_UNDECLARED_SELECTOR = YES;
				GCC_WARN_UNINITIALIZED_AUTOS = YES_AGGRESSIVE;
				GCC_WARN_UNUSED_FUNCTION = YES;
				GCC_WARN_UNUSED_VARIABLE = YES;
				IPHONEOS_DEPLOYMENT_TARGET = 11.4;
				MTL_ENABLE_DEBUG_INFO = YES;
				ONLY_ACTIVE_ARCH = YES;
				SDKROOT = iphoneos;
			};
			name = Debug;
		};
		5392376320E3DE4A00D3E65B /* Release */ = {
			isa = XCBuildConfiguration;
			buildSettings = {
				ALWAYS_SEARCH_USER_PATHS = NO;
				CLANG_ANALYZER_NONNULL = YES;
				CLANG_ANALYZER_NUMBER_OBJECT_CONVERSION = YES_AGGRESSIVE;
				CLANG_CXX_LANGUAGE_STANDARD = "gnu++14";
				CLANG_CXX_LIBRARY = "libc++";
				CLANG_ENABLE_MODULES = YES;
				CLANG_ENABLE_OBJC_ARC = YES;
				CLANG_ENABLE_OBJC_WEAK = YES;
				CLANG_WARN_BLOCK_CAPTURE_AUTORELEASING = YES;
				CLANG_WARN_BOOL_CONVERSION = YES;
				CLANG_WARN_COMMA = YES;
				CLANG_WARN_CONSTANT_CONVERSION = YES;
				CLANG_WARN_DEPRECATED_OBJC_IMPLEMENTATIONS = YES;
				CLANG_WARN_DIRECT_OBJC_ISA_USAGE = YES_ERROR;
				CLANG_WARN_DOCUMENTATION_COMMENTS = YES;
				CLANG_WARN_EMPTY_BODY = YES;
				CLANG_WARN_ENUM_CONVERSION = YES;
				CLANG_WARN_INFINITE_RECURSION = YES;
				CLANG_WARN_INT_CONVERSION = YES;
				CLANG_WARN_NON_LITERAL_NULL_CONVERSION = YES;
				CLANG_WARN_OBJC_IMPLICIT_RETAIN_SELF = YES;
				CLANG_WARN_OBJC_LITERAL_CONVERSION = YES;
				CLANG_WARN_OBJC_ROOT_CLASS = YES_ERROR;
				CLANG_WARN_RANGE_LOOP_ANALYSIS = YES;
				CLANG_WARN_STRICT_PROTOTYPES = YES;
				CLANG_WARN_SUSPICIOUS_MOVE = YES;
				CLANG_WARN_UNGUARDED_AVAILABILITY = YES_AGGRESSIVE;
				CLANG_WARN_UNREACHABLE_CODE = YES;
				CLANG_WARN__DUPLICATE_METHOD_MATCH = YES;
				CODE_SIGN_IDENTITY = "iPhone Developer";
				COPY_PHASE_STRIP = NO;
				DEBUG_INFORMATION_FORMAT = "dwarf-with-dsym";
				ENABLE_NS_ASSERTIONS = NO;
				ENABLE_STRICT_OBJC_MSGSEND = YES;
				GCC_C_LANGUAGE_STANDARD = gnu11;
				GCC_NO_COMMON_BLOCKS = YES;
				GCC_WARN_64_TO_32_BIT_CONVERSION = YES;
				GCC_WARN_ABOUT_RETURN_TYPE = YES_ERROR;
				GCC_WARN_UNDECLARED_SELECTOR = YES;
				GCC_WARN_UNINITIALIZED_AUTOS = YES_AGGRESSIVE;
				GCC_WARN_UNUSED_FUNCTION = YES;
				GCC_WARN_UNUSED_VARIABLE = YES;
				IPHONEOS_DEPLOYMENT_TARGET = 11.4;
				MTL_ENABLE_DEBUG_INFO = NO;
				SDKROOT = iphoneos;
				VALIDATE_PRODUCT = YES;
			};
			name = Release;
		};
		5392376520E3DE4A00D3E65B /* Debug */ = {
			isa = XCBuildConfiguration;
			baseConfigurationReference = 71E047BA32B1EADBE75F46F3 /* Pods-Flix.debug.xcconfig */;
			buildSettings = {
				ASSETCATALOG_COMPILER_APPICON_NAME = AppIcon;
				CODE_SIGN_STYLE = Automatic;
				DEVELOPMENT_TEAM = J73QEJBHCK;
				INFOPLIST_FILE = Flix/Info.plist;
				LD_RUNPATH_SEARCH_PATHS = (
					"$(inherited)",
					"@executable_path/Frameworks",
				);
				PRODUCT_BUNDLE_IDENTIFIER = com.mike.flix.Flix;
				PRODUCT_NAME = "$(TARGET_NAME)";
				TARGETED_DEVICE_FAMILY = "1,2";
			};
			name = Debug;
		};
		5392376620E3DE4A00D3E65B /* Release */ = {
			isa = XCBuildConfiguration;
			baseConfigurationReference = C22FF92DBA499A3BCE4B1C6F /* Pods-Flix.release.xcconfig */;
			buildSettings = {
				ASSETCATALOG_COMPILER_APPICON_NAME = AppIcon;
				CODE_SIGN_STYLE = Automatic;
				DEVELOPMENT_TEAM = J73QEJBHCK;
				INFOPLIST_FILE = Flix/Info.plist;
				LD_RUNPATH_SEARCH_PATHS = (
					"$(inherited)",
					"@executable_path/Frameworks",
				);
				PRODUCT_BUNDLE_IDENTIFIER = com.mike.flix.Flix;
				PRODUCT_NAME = "$(TARGET_NAME)";
				TARGETED_DEVICE_FAMILY = "1,2";
			};
			name = Release;
		};
		5392376820E3DE4A00D3E65B /* Debug */ = {
			isa = XCBuildConfiguration;
			baseConfigurationReference = 7C4514EAFD7AD6BA5CCE7CB2 /* Pods-FlixTests.debug.xcconfig */;
			buildSettings = {
				BUNDLE_LOADER = "$(TEST_HOST)";
				CODE_SIGN_STYLE = Automatic;
				INFOPLIST_FILE = FlixTests/Info.plist;
				LD_RUNPATH_SEARCH_PATHS = (
					"$(inherited)",
					"@executable_path/Frameworks",
					"@loader_path/Frameworks",
				);
				PRODUCT_BUNDLE_IDENTIFIER = com.mike.flix.FlixTests;
				PRODUCT_NAME = "$(TARGET_NAME)";
				TARGETED_DEVICE_FAMILY = "1,2";
				TEST_HOST = "$(BUILT_PRODUCTS_DIR)/Flix.app/Flix";
			};
			name = Debug;
		};
		5392376920E3DE4A00D3E65B /* Release */ = {
			isa = XCBuildConfiguration;
			baseConfigurationReference = 1E55CB1C076803EC7486D20D /* Pods-FlixTests.release.xcconfig */;
			buildSettings = {
				BUNDLE_LOADER = "$(TEST_HOST)";
				CODE_SIGN_STYLE = Automatic;
				INFOPLIST_FILE = FlixTests/Info.plist;
				LD_RUNPATH_SEARCH_PATHS = (
					"$(inherited)",
					"@executable_path/Frameworks",
					"@loader_path/Frameworks",
				);
				PRODUCT_BUNDLE_IDENTIFIER = com.mike.flix.FlixTests;
				PRODUCT_NAME = "$(TARGET_NAME)";
				TARGETED_DEVICE_FAMILY = "1,2";
				TEST_HOST = "$(BUILT_PRODUCTS_DIR)/Flix.app/Flix";
			};
			name = Release;
		};
		5392376B20E3DE4A00D3E65B /* Debug */ = {
			isa = XCBuildConfiguration;
			baseConfigurationReference = A0240ADB5C44D4622A206D48 /* Pods-FlixUITests.debug.xcconfig */;
			buildSettings = {
				CODE_SIGN_STYLE = Automatic;
				INFOPLIST_FILE = FlixUITests/Info.plist;
				LD_RUNPATH_SEARCH_PATHS = (
					"$(inherited)",
					"@executable_path/Frameworks",
					"@loader_path/Frameworks",
				);
				PRODUCT_BUNDLE_IDENTIFIER = com.mike.flix.FlixUITests;
				PRODUCT_NAME = "$(TARGET_NAME)";
				TARGETED_DEVICE_FAMILY = "1,2";
				TEST_TARGET_NAME = Flix;
			};
			name = Debug;
		};
		5392376C20E3DE4A00D3E65B /* Release */ = {
			isa = XCBuildConfiguration;
			baseConfigurationReference = A1283F956C0E77BDE766915B /* Pods-FlixUITests.release.xcconfig */;
			buildSettings = {
				CODE_SIGN_STYLE = Automatic;
				INFOPLIST_FILE = FlixUITests/Info.plist;
				LD_RUNPATH_SEARCH_PATHS = (
					"$(inherited)",
					"@executable_path/Frameworks",
					"@loader_path/Frameworks",
				);
				PRODUCT_BUNDLE_IDENTIFIER = com.mike.flix.FlixUITests;
				PRODUCT_NAME = "$(TARGET_NAME)";
				TARGETED_DEVICE_FAMILY = "1,2";
				TEST_TARGET_NAME = Flix;
			};
			name = Release;
		};
/* End XCBuildConfiguration section */

/* Begin XCConfigurationList section */
		5392373320E3DE4900D3E65B /* Build configuration list for PBXProject "Flix" */ = {
			isa = XCConfigurationList;
			buildConfigurations = (
				5392376220E3DE4A00D3E65B /* Debug */,
				5392376320E3DE4A00D3E65B /* Release */,
			);
			defaultConfigurationIsVisible = 0;
			defaultConfigurationName = Release;
		};
		5392376420E3DE4A00D3E65B /* Build configuration list for PBXNativeTarget "Flix" */ = {
			isa = XCConfigurationList;
			buildConfigurations = (
				5392376520E3DE4A00D3E65B /* Debug */,
				5392376620E3DE4A00D3E65B /* Release */,
			);
			defaultConfigurationIsVisible = 0;
			defaultConfigurationName = Release;
		};
		5392376720E3DE4A00D3E65B /* Build configuration list for PBXNativeTarget "FlixTests" */ = {
			isa = XCConfigurationList;
			buildConfigurations = (
				5392376820E3DE4A00D3E65B /* Debug */,
				5392376920E3DE4A00D3E65B /* Release */,
			);
			defaultConfigurationIsVisible = 0;
			defaultConfigurationName = Release;
		};
		5392376A20E3DE4A00D3E65B /* Build configuration list for PBXNativeTarget "FlixUITests" */ = {
			isa = XCConfigurationList;
			buildConfigurations = (
				5392376B20E3DE4A00D3E65B /* Debug */,
				5392376C20E3DE4A00D3E65B /* Release */,
			);
			defaultConfigurationIsVisible = 0;
			defaultConfigurationName = Release;
		};
/* End XCConfigurationList section */
	};
	rootObject = 5392373020E3DE4900D3E65B /* Project object */;
}
